[{<<"mysql">>,
  {git,"https://github.com/mysql-otp/mysql-otp.git",
       {ref,"b97ef3dc1313b2e94ed489f41d735b8e4f769459"}},
  0},
 {<<"plists">>,
  {git,"https://github.com/silviucpp/plists.git",
       {ref,"be6c911bb9a007f083ba49cd296dc0da7a02e4ca"}},
  0},
 {<<"poolboy">>,
  {git,"https://github.com/devinus/poolboy.git",
       {ref,"29be47db8c2be38b18c908e43a80ebb7b9b6116b"}},
  0}].
