[{<<"mysql">>,
  {git,"https://github.com/mysql-otp/mysql-otp.git",
       {ref,"e5abc887d00b92daa438a1709e2b9b9ee07317bd"}},
  0},
 {<<"plists">>,
  {git,"https://github.com/silviucpp/plists.git",
       {ref,"be6c911bb9a007f083ba49cd296dc0da7a02e4ca"}},
  0},
 {<<"poolboy">>,
  {git,"https://github.com/devinus/poolboy.git",
       {ref,"29be47db8c2be38b18c908e43a80ebb7b9b6116b"}},
  0}].
